
Microsoft Visual Studio Solution File, Format Version 12.00
# Visual Studio Version 17
VisualStudioVersion = 17.12.35323.107
MinimumVisualStudioVersion = 10.0.40219.1
Project("{FAE04EC0-301F-11D3-BF4B-00C04F79EFBC}") = "PasswordManagerv1", "PasswordManagerv1.csproj", "{D7EBAC56-74BB-480D-BC4E-ADED73A0900D}"
EndProject
Global
	GlobalSection(SolutionConfigurationPlatforms) = preSolution
		Debug|Any CPU = Debug|Any CPU
		Release|Any CPU = Release|Any CPU
	EndGlobalSection
	GlobalSection(ProjectConfigurationPlatforms) = postSolution
		{D7EBAC56-74BB-480D-BC4E-ADED73A0900D}.Debug|Any CPU.ActiveCfg = Debug|Any CPU
		{D7EBAC56-74BB-480D-BC4E-ADED73A0900D}.Debug|Any CPU.Build.0 = Debug|Any CPU
		{D7EBAC56-74BB-480D-BC4E-ADED73A0900D}.Debug|Any CPU.Deploy.0 = Debug|Any CPU
		{D7EBAC56-74BB-480D-BC4E-ADED73A0900D}.Release|Any CPU.ActiveCfg = Release|Any CPU
		{D7EBAC56-74BB-480D-BC4E-ADED73A0900D}.Release|Any CPU.Build.0 = Release|Any CPU
		{D7EBAC56-74BB-480D-BC4E-ADED73A0900D}.Release|Any CPU.Deploy.0 = Release|Any CPU
	EndGlobalSection
	GlobalSection(SolutionProperties) = preSolution
		HideSolutionNode = FALSE
	EndGlobalSection
	GlobalSection(ExtensibilityGlobals) = postSolution
		SolutionGuid = {AD67BB77-42E0-47FD-823F-93F86F05F02A}
	EndGlobalSection
EndGlobal
